
Microsoft Visual Studio Solution File, Format Version 12.00
# Visual Studio Version 17
VisualStudioVersion = 17.9.34723.18
MinimumVisualStudioVersion = 10.0.40219.1
Project("{FAE04EC0-301F-11D3-BF4B-00C04F79EFBC}") = "Pizzeria_Toscana", "Pizzeria_Toscana.csproj", "{8C82F3C0-1013-489A-ABB1-555495D9BDD3}"
EndProject
Global
	GlobalSection(SolutionConfigurationPlatforms) = preSolution
		Debug|Any CPU = Debug|Any CPU
		Release|Any CPU = Release|Any CPU
	EndGlobalSection
	GlobalSection(ProjectConfigurationPlatforms) = postSolution
		{8C82F3C0-1013-489A-ABB1-555495D9BDD3}.Debug|Any CPU.ActiveCfg = Debug|Any CPU
		{8C82F3C0-1013-489A-ABB1-555495D9BDD3}.Debug|Any CPU.Build.0 = Debug|Any CPU
		{8C82F3C0-1013-489A-ABB1-555495D9BDD3}.Release|Any CPU.ActiveCfg = Release|Any CPU
		{8C82F3C0-1013-489A-ABB1-555495D9BDD3}.Release|Any CPU.Build.0 = Release|Any CPU
	EndGlobalSection
	GlobalSection(SolutionProperties) = preSolution
		HideSolutionNode = FALSE
	EndGlobalSection
	GlobalSection(ExtensibilityGlobals) = postSolution
		SolutionGuid = {C0507558-0956-4BE7-81F3-7EB6AE4C916A}
	EndGlobalSection
EndGlobal
